
Microsoft Visual Studio Solution File, Format Version 12.00
# Visual Studio 15
VisualStudioVersion = 15.0.26403.7
MinimumVisualStudioVersion = 10.0.40219.1
Project("{FAE04EC0-301F-11D3-BF4B-00C04F79EFBC}") = "Planet_Defender.Android", "Planet Defender\Planet_Defender.Android\Planet_Defender.Android.csproj", "{92DFA6FF-2117-49C7-88CC-FCB7FBCA5543}"
EndProject
Project("{FAE04EC0-301F-11D3-BF4B-00C04F79EFBC}") = "Planet_Defender", "Planet Defender\Planet_Defender\Planet_Defender.csproj", "{2014A26C-3DBB-4CC4-A575-B902D40D7A07}"
EndProject
Project("{FAE04EC0-301F-11D3-BF4B-00C04F79EFBC}") = "Planet_Defender.UWP", "Planet Defender\Planet_Defender.UWP\Planet_Defender.UWP.csproj", "{A2E72FD5-F785-4806-B7E4-5F9C43EFAE50}"
EndProject
Project("{FAE04EC0-301F-11D3-BF4B-00C04F79EFBC}") = "Planet_Defender.iOS", "Planet Defender\Planet_Defender.iOS\Planet_Defender.iOS.csproj", "{499B4CA2-D326-4167-8156-5EBF2E4C5087}"
EndProject
Global
	GlobalSection(SolutionConfigurationPlatforms) = preSolution
		Ad-Hoc|Any CPU = Ad-Hoc|Any CPU
		Ad-Hoc|ARM = Ad-Hoc|ARM
		Ad-Hoc|iPhone = Ad-Hoc|iPhone
		Ad-Hoc|iPhoneSimulator = Ad-Hoc|iPhoneSimulator
		Ad-Hoc|x64 = Ad-Hoc|x64
		Ad-Hoc|x86 = Ad-Hoc|x86
		AppStore|Any CPU = AppStore|Any CPU
		AppStore|ARM = AppStore|ARM
		AppStore|iPhone = AppStore|iPhone
		AppStore|iPhoneSimulator = AppStore|iPhoneSimulator
		AppStore|x64 = AppStore|x64
		AppStore|x86 = AppStore|x86
		Debug|Any CPU = Debug|Any CPU
		Debug|ARM = Debug|ARM
		Debug|iPhone = Debug|iPhone
		Debug|iPhoneSimulator = Debug|iPhoneSimulator
		Debug|x64 = Debug|x64
		Debug|x86 = Debug|x86
		Release|Any CPU = Release|Any CPU
		Release|ARM = Release|ARM
		Release|iPhone = Release|iPhone
		Release|iPhoneSimulator = Release|iPhoneSimulator
		Release|x64 = Release|x64
		Release|x86 = Release|x86
	EndGlobalSection
	GlobalSection(ProjectConfigurationPlatforms) = postSolution
		{92DFA6FF-2117-49C7-88CC-FCB7FBCA5543}.Ad-Hoc|Any CPU.ActiveCfg = Release|Any CPU
		{92DFA6FF-2117-49C7-88CC-FCB7FBCA5543}.Ad-Hoc|Any CPU.Build.0 = Release|Any CPU
		{92DFA6FF-2117-49C7-88CC-FCB7FBCA5543}.Ad-Hoc|Any CPU.Deploy.0 = Release|Any CPU
		{92DFA6FF-2117-49C7-88CC-FCB7FBCA5543}.Ad-Hoc|ARM.ActiveCfg = Release|Any CPU
		{92DFA6FF-2117-49C7-88CC-FCB7FBCA5543}.Ad-Hoc|ARM.Build.0 = Release|Any CPU
		{92DFA6FF-2117-49C7-88CC-FCB7FBCA5543}.Ad-Hoc|ARM.Deploy.0 = Release|Any CPU
		{92DFA6FF-2117-49C7-88CC-FCB7FBCA5543}.Ad-Hoc|iPhone.ActiveCfg = Release|Any CPU
		{92DFA6FF-2117-49C7-88CC-FCB7FBCA5543}.Ad-Hoc|iPhone.Build.0 = Release|Any CPU
		{92DFA6FF-2117-49C7-88CC-FCB7FBCA5543}.Ad-Hoc|iPhone.Deploy.0 = Release|Any CPU
		{92DFA6FF-2117-49C7-88CC-FCB7FBCA5543}.Ad-Hoc|iPhoneSimulator.ActiveCfg = Release|Any CPU
		{92DFA6FF-2117-49C7-88CC-FCB7FBCA5543}.Ad-Hoc|iPhoneSimulator.Build.0 = Release|Any CPU
		{92DFA6FF-2117-49C7-88CC-FCB7FBCA5543}.Ad-Hoc|iPhoneSimulator.Deploy.0 = Release|Any CPU
		{92DFA6FF-2117-49C7-88CC-FCB7FBCA5543}.Ad-Hoc|x64.ActiveCfg = Release|Any CPU
		{92DFA6FF-2117-49C7-88CC-FCB7FBCA5543}.Ad-Hoc|x64.Build.0 = Release|Any CPU
		{92DFA6FF-2117-49C7-88CC-FCB7FBCA5543}.Ad-Hoc|x64.Deploy.0 = Release|Any CPU
		{92DFA6FF-2117-49C7-88CC-FCB7FBCA5543}.Ad-Hoc|x86.ActiveCfg = Release|Any CPU
		{92DFA6FF-2117-49C7-88CC-FCB7FBCA5543}.Ad-Hoc|x86.Build.0 = Release|Any CPU
		{92DFA6FF-2117-49C7-88CC-FCB7FBCA5543}.Ad-Hoc|x86.Deploy.0 = Release|Any CPU
		{92DFA6FF-2117-49C7-88CC-FCB7FBCA5543}.AppStore|Any CPU.ActiveCfg = Release|Any CPU
		{92DFA6FF-2117-49C7-88CC-FCB7FBCA5543}.AppStore|Any CPU.Build.0 = Release|Any CPU
		{92DFA6FF-2117-49C7-88CC-FCB7FBCA5543}.AppStore|Any CPU.Deploy.0 = Release|Any CPU
		{92DFA6FF-2117-49C7-88CC-FCB7FBCA5543}.AppStore|ARM.ActiveCfg = Release|Any CPU
		{92DFA6FF-2117-49C7-88CC-FCB7FBCA5543}.AppStore|ARM.Build.0 = Release|Any CPU
		{92DFA6FF-2117-49C7-88CC-FCB7FBCA5543}.AppStore|ARM.Deploy.0 = Release|Any CPU
		{92DFA6FF-2117-49C7-88CC-FCB7FBCA5543}.AppStore|iPhone.ActiveCfg = Release|Any CPU
		{92DFA6FF-2117-49C7-88CC-FCB7FBCA5543}.AppStore|iPhone.Build.0 = Release|Any CPU
		{92DFA6FF-2117-49C7-88CC-FCB7FBCA5543}.AppStore|iPhone.Deploy.0 = Release|Any CPU
		{92DFA6FF-2117-49C7-88CC-FCB7FBCA5543}.AppStore|iPhoneSimulator.ActiveCfg = Release|Any CPU
		{92DFA6FF-2117-49C7-88CC-FCB7FBCA5543}.AppStore|iPhoneSimulator.Build.0 = Release|Any CPU
		{92DFA6FF-2117-49C7-88CC-FCB7FBCA5543}.AppStore|iPhoneSimulator.Deploy.0 = Release|Any CPU
		{92DFA6FF-2117-49C7-88CC-FCB7FBCA5543}.AppStore|x64.ActiveCfg = Release|Any CPU
		{92DFA6FF-2117-49C7-88CC-FCB7FBCA5543}.AppStore|x64.Build.0 = Release|Any CPU
		{92DFA6FF-2117-49C7-88CC-FCB7FBCA5543}.AppStore|x64.Deploy.0 = Release|Any CPU
		{92DFA6FF-2117-49C7-88CC-FCB7FBCA5543}.AppStore|x86.ActiveCfg = Release|Any CPU
		{92DFA6FF-2117-49C7-88CC-FCB7FBCA5543}.AppStore|x86.Build.0 = Release|Any CPU
		{92DFA6FF-2117-49C7-88CC-FCB7FBCA5543}.AppStore|x86.Deploy.0 = Release|Any CPU
		{92DFA6FF-2117-49C7-88CC-FCB7FBCA5543}.Debug|Any CPU.ActiveCfg = Debug|Any CPU
		{92DFA6FF-2117-49C7-88CC-FCB7FBCA5543}.Debug|Any CPU.Build.0 = Debug|Any CPU
		{92DFA6FF-2117-49C7-88CC-FCB7FBCA5543}.Debug|Any CPU.Deploy.0 = Debug|Any CPU
		{92DFA6FF-2117-49C7-88CC-FCB7FBCA5543}.Debug|ARM.ActiveCfg = Debug|Any CPU
		{92DFA6FF-2117-49C7-88CC-FCB7FBCA5543}.Debug|ARM.Build.0 = Debug|Any CPU
		{92DFA6FF-2117-49C7-88CC-FCB7FBCA5543}.Debug|ARM.Deploy.0 = Debug|Any CPU
		{92DFA6FF-2117-49C7-88CC-FCB7FBCA5543}.Debug|iPhone.ActiveCfg = Debug|Any CPU
		{92DFA6FF-2117-49C7-88CC-FCB7FBCA5543}.Debug|iPhone.Build.0 = Debug|Any CPU
		{92DFA6FF-2117-49C7-88CC-FCB7FBCA5543}.Debug|iPhone.Deploy.0 = Debug|Any CPU
		{92DFA6FF-2117-49C7-88CC-FCB7FBCA5543}.Debug|iPhoneSimulator.ActiveCfg = Debug|Any CPU
		{92DFA6FF-2117-49C7-88CC-FCB7FBCA5543}.Debug|iPhoneSimulator.Build.0 = Debug|Any CPU
		{92DFA6FF-2117-49C7-88CC-FCB7FBCA5543}.Debug|iPhoneSimulator.Deploy.0 = Debug|Any CPU
		{92DFA6FF-2117-49C7-88CC-FCB7FBCA5543}.Debug|x64.ActiveCfg = Debug|Any CPU
		{92DFA6FF-2117-49C7-88CC-FCB7FBCA5543}.Debug|x64.Build.0 = Debug|Any CPU
		{92DFA6FF-2117-49C7-88CC-FCB7FBCA5543}.Debug|x64.Deploy.0 = Debug|Any CPU
		{92DFA6FF-2117-49C7-88CC-FCB7FBCA5543}.Debug|x86.ActiveCfg = Debug|Any CPU
		{92DFA6FF-2117-49C7-88CC-FCB7FBCA5543}.Debug|x86.Build.0 = Debug|Any CPU
		{92DFA6FF-2117-49C7-88CC-FCB7FBCA5543}.Debug|x86.Deploy.0 = Debug|Any CPU
		{92DFA6FF-2117-49C7-88CC-FCB7FBCA5543}.Release|Any CPU.ActiveCfg = Release|Any CPU
		{92DFA6FF-2117-49C7-88CC-FCB7FBCA5543}.Release|Any CPU.Build.0 = Release|Any CPU
		{92DFA6FF-2117-49C7-88CC-FCB7FBCA5543}.Release|Any CPU.Deploy.0 = Release|Any CPU
		{92DFA6FF-2117-49C7-88CC-FCB7FBCA5543}.Release|ARM.ActiveCfg = Release|Any CPU
		{92DFA6FF-2117-49C7-88CC-FCB7FBCA5543}.Release|ARM.Build.0 = Release|Any CPU
		{92DFA6FF-2117-49C7-88CC-FCB7FBCA5543}.Release|ARM.Deploy.0 = Release|Any CPU
		{92DFA6FF-2117-49C7-88CC-FCB7FBCA5543}.Release|iPhone.ActiveCfg = Release|Any CPU
		{92DFA6FF-2117-49C7-88CC-FCB7FBCA5543}.Release|iPhone.Build.0 = Release|Any CPU
		{92DFA6FF-2117-49C7-88CC-FCB7FBCA5543}.Release|iPhone.Deploy.0 = Release|Any CPU
		{92DFA6FF-2117-49C7-88CC-FCB7FBCA5543}.Release|iPhoneSimulator.ActiveCfg = Release|Any CPU
		{92DFA6FF-2117-49C7-88CC-FCB7FBCA5543}.Release|iPhoneSimulator.Build.0 = Release|Any CPU
		{92DFA6FF-2117-49C7-88CC-FCB7FBCA5543}.Release|iPhoneSimulator.Deploy.0 = Release|Any CPU
		{92DFA6FF-2117-49C7-88CC-FCB7FBCA5543}.Release|x64.ActiveCfg = Release|Any CPU
		{92DFA6FF-2117-49C7-88CC-FCB7FBCA5543}.Release|x64.Build.0 = Release|Any CPU
		{92DFA6FF-2117-49C7-88CC-FCB7FBCA5543}.Release|x64.Deploy.0 = Release|Any CPU
		{92DFA6FF-2117-49C7-88CC-FCB7FBCA5543}.Release|x86.ActiveCfg = Release|Any CPU
		{92DFA6FF-2117-49C7-88CC-FCB7FBCA5543}.Release|x86.Build.0 = Release|Any CPU
		{92DFA6FF-2117-49C7-88CC-FCB7FBCA5543}.Release|x86.Deploy.0 = Release|Any CPU
		{2014A26C-3DBB-4CC4-A575-B902D40D7A07}.Ad-Hoc|Any CPU.ActiveCfg = Release|Any CPU
		{2014A26C-3DBB-4CC4-A575-B902D40D7A07}.Ad-Hoc|Any CPU.Build.0 = Release|Any CPU
		{2014A26C-3DBB-4CC4-A575-B902D40D7A07}.Ad-Hoc|ARM.ActiveCfg = Release|Any CPU
		{2014A26C-3DBB-4CC4-A575-B902D40D7A07}.Ad-Hoc|ARM.Build.0 = Release|Any CPU
		{2014A26C-3DBB-4CC4-A575-B902D40D7A07}.Ad-Hoc|iPhone.ActiveCfg = Release|Any CPU
		{2014A26C-3DBB-4CC4-A575-B902D40D7A07}.Ad-Hoc|iPhone.Build.0 = Release|Any CPU
		{2014A26C-3DBB-4CC4-A575-B902D40D7A07}.Ad-Hoc|iPhoneSimulator.ActiveCfg = Release|Any CPU
		{2014A26C-3DBB-4CC4-A575-B902D40D7A07}.Ad-Hoc|iPhoneSimulator.Build.0 = Release|Any CPU
		{2014A26C-3DBB-4CC4-A575-B902D40D7A07}.Ad-Hoc|x64.ActiveCfg = Release|Any CPU
		{2014A26C-3DBB-4CC4-A575-B902D40D7A07}.Ad-Hoc|x64.Build.0 = Release|Any CPU
		{2014A26C-3DBB-4CC4-A575-B902D40D7A07}.Ad-Hoc|x86.ActiveCfg = Release|Any CPU
		{2014A26C-3DBB-4CC4-A575-B902D40D7A07}.Ad-Hoc|x86.Build.0 = Release|Any CPU
		{2014A26C-3DBB-4CC4-A575-B902D40D7A07}.AppStore|Any CPU.ActiveCfg = Release|Any CPU
		{2014A26C-3DBB-4CC4-A575-B902D40D7A07}.AppStore|Any CPU.Build.0 = Release|Any CPU
		{2014A26C-3DBB-4CC4-A575-B902D40D7A07}.AppStore|ARM.ActiveCfg = Release|Any CPU
		{2014A26C-3DBB-4CC4-A575-B902D40D7A07}.AppStore|ARM.Build.0 = Release|Any CPU
		{2014A26C-3DBB-4CC4-A575-B902D40D7A07}.AppStore|iPhone.ActiveCfg = Release|Any CPU
		{2014A26C-3DBB-4CC4-A575-B902D40D7A07}.AppStore|iPhone.Build.0 = Release|Any CPU
		{2014A26C-3DBB-4CC4-A575-B902D40D7A07}.AppStore|iPhoneSimulator.ActiveCfg = Release|Any CPU
		{2014A26C-3DBB-4CC4-A575-B902D40D7A07}.AppStore|iPhoneSimulator.Build.0 = Release|Any CPU
		{2014A26C-3DBB-4CC4-A575-B902D40D7A07}.AppStore|x64.ActiveCfg = Release|Any CPU
		{2014A26C-3DBB-4CC4-A575-B902D40D7A07}.AppStore|x64.Build.0 = Release|Any CPU
		{2014A26C-3DBB-4CC4-A575-B902D40D7A07}.AppStore|x86.ActiveCfg = Release|Any CPU
		{2014A26C-3DBB-4CC4-A575-B902D40D7A07}.AppStore|x86.Build.0 = Release|Any CPU
		{2014A26C-3DBB-4CC4-A575-B902D40D7A07}.Debug|Any CPU.ActiveCfg = Debug|Any CPU
		{2014A26C-3DBB-4CC4-A575-B902D40D7A07}.Debug|Any CPU.Build.0 = Debug|Any CPU
		{2014A26C-3DBB-4CC4-A575-B902D40D7A07}.Debug|ARM.ActiveCfg = Debug|Any CPU
		{2014A26C-3DBB-4CC4-A575-B902D40D7A07}.Debug|ARM.Build.0 = Debug|Any CPU
		{2014A26C-3DBB-4CC4-A575-B902D40D7A07}.Debug|iPhone.ActiveCfg = Debug|Any CPU
		{2014A26C-3DBB-4CC4-A575-B902D40D7A07}.Debug|iPhone.Build.0 = Debug|Any CPU
		{2014A26C-3DBB-4CC4-A575-B902D40D7A07}.Debug|iPhoneSimulator.ActiveCfg = Debug|Any CPU
		{2014A26C-3DBB-4CC4-A575-B902D40D7A07}.Debug|iPhoneSimulator.Build.0 = Debug|Any CPU
		{2014A26C-3DBB-4CC4-A575-B902D40D7A07}.Debug|x64.ActiveCfg = Debug|Any CPU
		{2014A26C-3DBB-4CC4-A575-B902D40D7A07}.Debug|x64.Build.0 = Debug|Any CPU
		{2014A26C-3DBB-4CC4-A575-B902D40D7A07}.Debug|x86.ActiveCfg = Debug|Any CPU
		{2014A26C-3DBB-4CC4-A575-B902D40D7A07}.Debug|x86.Build.0 = Debug|Any CPU
		{2014A26C-3DBB-4CC4-A575-B902D40D7A07}.Release|Any CPU.ActiveCfg = Release|Any CPU
		{2014A26C-3DBB-4CC4-A575-B902D40D7A07}.Release|Any CPU.Build.0 = Release|Any CPU
		{2014A26C-3DBB-4CC4-A575-B902D40D7A07}.Release|ARM.ActiveCfg = Release|Any CPU
		{2014A26C-3DBB-4CC4-A575-B902D40D7A07}.Release|ARM.Build.0 = Release|Any CPU
		{2014A26C-3DBB-4CC4-A575-B902D40D7A07}.Release|iPhone.ActiveCfg = Release|Any CPU
		{2014A26C-3DBB-4CC4-A575-B902D40D7A07}.Release|iPhone.Build.0 = Release|Any CPU
		{2014A26C-3DBB-4CC4-A575-B902D40D7A07}.Release|iPhoneSimulator.ActiveCfg = Release|Any CPU
		{2014A26C-3DBB-4CC4-A575-B902D40D7A07}.Release|iPhoneSimulator.Build.0 = Release|Any CPU
		{2014A26C-3DBB-4CC4-A575-B902D40D7A07}.Release|x64.ActiveCfg = Release|Any CPU
		{2014A26C-3DBB-4CC4-A575-B902D40D7A07}.Release|x64.Build.0 = Release|Any CPU
		{2014A26C-3DBB-4CC4-A575-B902D40D7A07}.Release|x86.ActiveCfg = Release|Any CPU
		{2014A26C-3DBB-4CC4-A575-B902D40D7A07}.Release|x86.Build.0 = Release|Any CPU
		{A2E72FD5-F785-4806-B7E4-5F9C43EFAE50}.Ad-Hoc|Any CPU.ActiveCfg = Release|x86
		{A2E72FD5-F785-4806-B7E4-5F9C43EFAE50}.Ad-Hoc|Any CPU.Build.0 = Release|x86
		{A2E72FD5-F785-4806-B7E4-5F9C43EFAE50}.Ad-Hoc|Any CPU.Deploy.0 = Release|x86
		{A2E72FD5-F785-4806-B7E4-5F9C43EFAE50}.Ad-Hoc|ARM.ActiveCfg = Release|ARM
		{A2E72FD5-F785-4806-B7E4-5F9C43EFAE50}.Ad-Hoc|ARM.Build.0 = Release|ARM
		{A2E72FD5-F785-4806-B7E4-5F9C43EFAE50}.Ad-Hoc|ARM.Deploy.0 = Release|ARM
		{A2E72FD5-F785-4806-B7E4-5F9C43EFAE50}.Ad-Hoc|iPhone.ActiveCfg = Release|x86
		{A2E72FD5-F785-4806-B7E4-5F9C43EFAE50}.Ad-Hoc|iPhone.Build.0 = Release|x86
		{A2E72FD5-F785-4806-B7E4-5F9C43EFAE50}.Ad-Hoc|iPhone.Deploy.0 = Release|x86
		{A2E72FD5-F785-4806-B7E4-5F9C43EFAE50}.Ad-Hoc|iPhoneSimulator.ActiveCfg = Release|x86
		{A2E72FD5-F785-4806-B7E4-5F9C43EFAE50}.Ad-Hoc|iPhoneSimulator.Build.0 = Release|x86
		{A2E72FD5-F785-4806-B7E4-5F9C43EFAE50}.Ad-Hoc|iPhoneSimulator.Deploy.0 = Release|x86
		{A2E72FD5-F785-4806-B7E4-5F9C43EFAE50}.Ad-Hoc|x64.ActiveCfg = Release|x64
		{A2E72FD5-F785-4806-B7E4-5F9C43EFAE50}.Ad-Hoc|x64.Build.0 = Release|x64
		{A2E72FD5-F785-4806-B7E4-5F9C43EFAE50}.Ad-Hoc|x64.Deploy.0 = Release|x64
		{A2E72FD5-F785-4806-B7E4-5F9C43EFAE50}.Ad-Hoc|x86.ActiveCfg = Release|x86
		{A2E72FD5-F785-4806-B7E4-5F9C43EFAE50}.Ad-Hoc|x86.Build.0 = Release|x86
		{A2E72FD5-F785-4806-B7E4-5F9C43EFAE50}.Ad-Hoc|x86.Deploy.0 = Release|x86
		{A2E72FD5-F785-4806-B7E4-5F9C43EFAE50}.AppStore|Any CPU.ActiveCfg = Release|x86
		{A2E72FD5-F785-4806-B7E4-5F9C43EFAE50}.AppStore|Any CPU.Build.0 = Release|x86
		{A2E72FD5-F785-4806-B7E4-5F9C43EFAE50}.AppStore|Any CPU.Deploy.0 = Release|x86
		{A2E72FD5-F785-4806-B7E4-5F9C43EFAE50}.AppStore|ARM.ActiveCfg = Release|ARM
		{A2E72FD5-F785-4806-B7E4-5F9C43EFAE50}.AppStore|ARM.Build.0 = Release|ARM
		{A2E72FD5-F785-4806-B7E4-5F9C43EFAE50}.AppStore|ARM.Deploy.0 = Release|ARM
		{A2E72FD5-F785-4806-B7E4-5F9C43EFAE50}.AppStore|iPhone.ActiveCfg = Release|x86
		{A2E72FD5-F785-4806-B7E4-5F9C43EFAE50}.AppStore|iPhone.Build.0 = Release|x86
		{A2E72FD5-F785-4806-B7E4-5F9C43EFAE50}.AppStore|iPhone.Deploy.0 = Release|x86
		{A2E72FD5-F785-4806-B7E4-5F9C43EFAE50}.AppStore|iPhoneSimulator.ActiveCfg = Release|x86
		{A2E72FD5-F785-4806-B7E4-5F9C43EFAE50}.AppStore|iPhoneSimulator.Build.0 = Release|x86
		{A2E72FD5-F785-4806-B7E4-5F9C43EFAE50}.AppStore|iPhoneSimulator.Deploy.0 = Release|x86
		{A2E72FD5-F785-4806-B7E4-5F9C43EFAE50}.AppStore|x64.ActiveCfg = Release|x64
		{A2E72FD5-F785-4806-B7E4-5F9C43EFAE50}.AppStore|x64.Build.0 = Release|x64
		{A2E72FD5-F785-4806-B7E4-5F9C43EFAE50}.AppStore|x64.Deploy.0 = Release|x64
		{A2E72FD5-F785-4806-B7E4-5F9C43EFAE50}.AppStore|x86.ActiveCfg = Release|x86
		{A2E72FD5-F785-4806-B7E4-5F9C43EFAE50}.AppStore|x86.Build.0 = Release|x86
		{A2E72FD5-F785-4806-B7E4-5F9C43EFAE50}.AppStore|x86.Deploy.0 = Release|x86
		{A2E72FD5-F785-4806-B7E4-5F9C43EFAE50}.Debug|Any CPU.ActiveCfg = Debug|x86
		{A2E72FD5-F785-4806-B7E4-5F9C43EFAE50}.Debug|Any CPU.Build.0 = Debug|x86
		{A2E72FD5-F785-4806-B7E4-5F9C43EFAE50}.Debug|Any CPU.Deploy.0 = Debug|x86
		{A2E72FD5-F785-4806-B7E4-5F9C43EFAE50}.Debug|ARM.ActiveCfg = Debug|ARM
		{A2E72FD5-F785-4806-B7E4-5F9C43EFAE50}.Debug|ARM.Build.0 = Debug|ARM
		{A2E72FD5-F785-4806-B7E4-5F9C43EFAE50}.Debug|ARM.Deploy.0 = Debug|ARM
		{A2E72FD5-F785-4806-B7E4-5F9C43EFAE50}.Debug|iPhone.ActiveCfg = Debug|x86
		{A2E72FD5-F785-4806-B7E4-5F9C43EFAE50}.Debug|iPhoneSimulator.ActiveCfg = Debug|x86
		{A2E72FD5-F785-4806-B7E4-5F9C43EFAE50}.Debug|x64.ActiveCfg = Debug|x64
		{A2E72FD5-F785-4806-B7E4-5F9C43EFAE50}.Debug|x64.Build.0 = Debug|x64
		{A2E72FD5-F785-4806-B7E4-5F9C43EFAE50}.Debug|x64.Deploy.0 = Debug|x64
		{A2E72FD5-F785-4806-B7E4-5F9C43EFAE50}.Debug|x86.ActiveCfg = Debug|x86
		{A2E72FD5-F785-4806-B7E4-5F9C43EFAE50}.Debug|x86.Build.0 = Debug|x86
		{A2E72FD5-F785-4806-B7E4-5F9C43EFAE50}.Debug|x86.Deploy.0 = Debug|x86
		{A2E72FD5-F785-4806-B7E4-5F9C43EFAE50}.Release|Any CPU.ActiveCfg = Release|x86
		{A2E72FD5-F785-4806-B7E4-5F9C43EFAE50}.Release|ARM.ActiveCfg = Release|ARM
		{A2E72FD5-F785-4806-B7E4-5F9C43EFAE50}.Release|ARM.Build.0 = Release|ARM
		{A2E72FD5-F785-4806-B7E4-5F9C43EFAE50}.Release|ARM.Deploy.0 = Release|ARM
		{A2E72FD5-F785-4806-B7E4-5F9C43EFAE50}.Release|iPhone.ActiveCfg = Release|x86
		{A2E72FD5-F785-4806-B7E4-5F9C43EFAE50}.Release|iPhoneSimulator.ActiveCfg = Release|x86
		{A2E72FD5-F785-4806-B7E4-5F9C43EFAE50}.Release|x64.ActiveCfg = Release|x64
		{A2E72FD5-F785-4806-B7E4-5F9C43EFAE50}.Release|x64.Build.0 = Release|x64
		{A2E72FD5-F785-4806-B7E4-5F9C43EFAE50}.Release|x64.Deploy.0 = Release|x64
		{A2E72FD5-F785-4806-B7E4-5F9C43EFAE50}.Release|x86.ActiveCfg = Release|x86
		{A2E72FD5-F785-4806-B7E4-5F9C43EFAE50}.Release|x86.Build.0 = Release|x86
		{A2E72FD5-F785-4806-B7E4-5F9C43EFAE50}.Release|x86.Deploy.0 = Release|x86
		{499B4CA2-D326-4167-8156-5EBF2E4C5087}.Ad-Hoc|Any CPU.ActiveCfg = Ad-Hoc|iPhone
		{499B4CA2-D326-4167-8156-5EBF2E4C5087}.Ad-Hoc|ARM.ActiveCfg = Ad-Hoc|iPhone
		{499B4CA2-D326-4167-8156-5EBF2E4C5087}.Ad-Hoc|iPhone.ActiveCfg = Ad-Hoc|iPhone
		{499B4CA2-D326-4167-8156-5EBF2E4C5087}.Ad-Hoc|iPhone.Build.0 = Ad-Hoc|iPhone
		{499B4CA2-D326-4167-8156-5EBF2E4C5087}.Ad-Hoc|iPhoneSimulator.ActiveCfg = Ad-Hoc|iPhoneSimulator
		{499B4CA2-D326-4167-8156-5EBF2E4C5087}.Ad-Hoc|iPhoneSimulator.Build.0 = Ad-Hoc|iPhoneSimulator
		{499B4CA2-D326-4167-8156-5EBF2E4C5087}.Ad-Hoc|x64.ActiveCfg = Ad-Hoc|iPhone
		{499B4CA2-D326-4167-8156-5EBF2E4C5087}.Ad-Hoc|x86.ActiveCfg = Ad-Hoc|iPhone
		{499B4CA2-D326-4167-8156-5EBF2E4C5087}.AppStore|Any CPU.ActiveCfg = AppStore|iPhone
		{499B4CA2-D326-4167-8156-5EBF2E4C5087}.AppStore|ARM.ActiveCfg = AppStore|iPhone
		{499B4CA2-D326-4167-8156-5EBF2E4C5087}.AppStore|iPhone.ActiveCfg = AppStore|iPhone
		{499B4CA2-D326-4167-8156-5EBF2E4C5087}.AppStore|iPhone.Build.0 = AppStore|iPhone
		{499B4CA2-D326-4167-8156-5EBF2E4C5087}.AppStore|iPhoneSimulator.ActiveCfg = AppStore|iPhoneSimulator
		{499B4CA2-D326-4167-8156-5EBF2E4C5087}.AppStore|iPhoneSimulator.Build.0 = AppStore|iPhoneSimulator
		{499B4CA2-D326-4167-8156-5EBF2E4C5087}.AppStore|x64.ActiveCfg = AppStore|iPhone
		{499B4CA2-D326-4167-8156-5EBF2E4C5087}.AppStore|x86.ActiveCfg = AppStore|iPhone
		{499B4CA2-D326-4167-8156-5EBF2E4C5087}.Debug|Any CPU.ActiveCfg = Debug|iPhone
		{499B4CA2-D326-4167-8156-5EBF2E4C5087}.Debug|ARM.ActiveCfg = Debug|iPhone
		{499B4CA2-D326-4167-8156-5EBF2E4C5087}.Debug|iPhone.ActiveCfg = Debug|iPhone
		{499B4CA2-D326-4167-8156-5EBF2E4C5087}.Debug|iPhone.Build.0 = Debug|iPhone
		{499B4CA2-D326-4167-8156-5EBF2E4C5087}.Debug|iPhoneSimulator.ActiveCfg = Debug|iPhoneSimulator
		{499B4CA2-D326-4167-8156-5EBF2E4C5087}.Debug|iPhoneSimulator.Build.0 = Debug|iPhoneSimulator
		{499B4CA2-D326-4167-8156-5EBF2E4C5087}.Debug|x64.ActiveCfg = Debug|iPhone
		{499B4CA2-D326-4167-8156-5EBF2E4C5087}.Debug|x86.ActiveCfg = Debug|iPhone
		{499B4CA2-D326-4167-8156-5EBF2E4C5087}.Release|Any CPU.ActiveCfg = Release|iPhone
		{499B4CA2-D326-4167-8156-5EBF2E4C5087}.Release|ARM.ActiveCfg = Release|iPhone
		{499B4CA2-D326-4167-8156-5EBF2E4C5087}.Release|iPhone.ActiveCfg = Release|iPhone
		{499B4CA2-D326-4167-8156-5EBF2E4C5087}.Release|iPhone.Build.0 = Release|iPhone
		{499B4CA2-D326-4167-8156-5EBF2E4C5087}.Release|iPhoneSimulator.ActiveCfg = Release|iPhoneSimulator
		{499B4CA2-D326-4167-8156-5EBF2E4C5087}.Release|iPhoneSimulator.Build.0 = Release|iPhoneSimulator
		{499B4CA2-D326-4167-8156-5EBF2E4C5087}.Release|x64.ActiveCfg = Release|iPhone
		{499B4CA2-D326-4167-8156-5EBF2E4C5087}.Release|x86.ActiveCfg = Release|iPhone
	EndGlobalSection
	GlobalSection(SolutionProperties) = preSolution
		HideSolutionNode = FALSE
	EndGlobalSection
EndGlobal
